// !$*UTF8*$!
{
	archiveVersion = 1;
	classes = {
	};
	objectVersion = 50;
	objects = {

/* Begin PBXBuildFile section */
		5005B54B2369142F0015B0BC /* AppDelegate.swift in Sources */ = {isa = PBXBuildFile; fileRef = 5005B54A2369142F0015B0BC /* AppDelegate.swift */; };
		5005B54F2369142F0015B0BC /* ViewController.swift in Sources */ = {isa = PBXBuildFile; fileRef = 5005B54E2369142F0015B0BC /* ViewController.swift */; };
		5005B554236914300015B0BC /* Assets.xcassets in Resources */ = {isa = PBXBuildFile; fileRef = 5005B553236914300015B0BC /* Assets.xcassets */; };
		5005B557236914300015B0BC /* LaunchScreen.storyboard in Resources */ = {isa = PBXBuildFile; fileRef = 5005B555236914300015B0BC /* LaunchScreen.storyboard */; };
		5005B55F236914E50015B0BC /* Restaurant.swift in Sources */ = {isa = PBXBuildFile; fileRef = 5005B55E236914E40015B0BC /* Restaurant.swift */; };
		5005B5612369152D0015B0BC /* RestaurantCollectionViewCell.swift in Sources */ = {isa = PBXBuildFile; fileRef = 5005B5602369152D0015B0BC /* RestaurantCollectionViewCell.swift */; };
		505CB84F236F893C0076F83D /* FilterCollectionViewCell.swift in Sources */ = {isa = PBXBuildFile; fileRef = 505CB84E236F893C0076F83D /* FilterCollectionViewCell.swift */; };
		505CB851236F8E980076F83D /* Filter.swift in Sources */ = {isa = PBXBuildFile; fileRef = 505CB850236F8E980076F83D /* Filter.swift */; };
/* End PBXBuildFile section */

/* Begin PBXFileReference section */
		5005B5472369142F0015B0BC /* rvc29_p5.app */ = {isa = PBXFileReference; explicitFileType = wrapper.application; includeInIndex = 0; path = rvc29_p5.app; sourceTree = BUILT_PRODUCTS_DIR; };
		5005B54A2369142F0015B0BC /* AppDelegate.swift */ = {isa = PBXFileReference; lastKnownFileType = sourcecode.swift; path = AppDelegate.swift; sourceTree = "<group>"; };
		5005B54E2369142F0015B0BC /* ViewController.swift */ = {isa = PBXFileReference; lastKnownFileType = sourcecode.swift; path = ViewController.swift; sourceTree = "<group>"; };
		5005B553236914300015B0BC /* Assets.xcassets */ = {isa = PBXFileReference; lastKnownFileType = folder.assetcatalog; path = Assets.xcassets; sourceTree = "<group>"; };
		5005B556236914300015B0BC /* Base */ = {isa = PBXFileReference; lastKnownFileType = file.storyboard; name = Base; path = Base.lproj/LaunchScreen.storyboard; sourceTree = "<group>"; };
		5005B558236914300015B0BC /* Info.plist */ = {isa = PBXFileReference; lastKnownFileType = text.plist.xml; path = Info.plist; sourceTree = "<group>"; };
		5005B55E236914E40015B0BC /* Restaurant.swift */ = {isa = PBXFileReference; lastKnownFileType = sourcecode.swift; path = Restaurant.swift; sourceTree = "<group>"; };
		5005B5602369152D0015B0BC /* RestaurantCollectionViewCell.swift */ = {isa = PBXFileReference; lastKnownFileType = sourcecode.swift; path = RestaurantCollectionViewCell.swift; sourceTree = "<group>"; };
		505CB84E236F893C0076F83D /* FilterCollectionViewCell.swift */ = {isa = PBXFileReference; lastKnownFileType = sourcecode.swift; path = FilterCollectionViewCell.swift; sourceTree = "<group>"; };
		505CB850236F8E980076F83D /* Filter.swift */ = {isa = PBXFileReference; lastKnownFileType = sourcecode.swift; path = Filter.swift; sourceTree = "<group>"; };
/* End PBXFileReference section */

/* Begin PBXFrameworksBuildPhase section */
		5005B5442369142F0015B0BC /* Frameworks */ = {
			isa = PBXFrameworksBuildPhase;
			buildActionMask = 2147483647;
			files = (
			);
			runOnlyForDeploymentPostprocessing = 0;
		};
/* End PBXFrameworksBuildPhase section */

/* Begin PBXGroup section */
		5005B53E2369142F0015B0BC = {
			isa = PBXGroup;
			children = (
				5005B5492369142F0015B0BC /* rvc29_p5 */,
				5005B5482369142F0015B0BC /* Products */,
			);
			sourceTree = "<group>";
		};
		5005B5482369142F0015B0BC /* Products */ = {
			isa = PBXGroup;
			children = (
				5005B5472369142F0015B0BC /* rvc29_p5.app */,
			);
			name = Products;
			sourceTree = "<group>";
		};
		5005B5492369142F0015B0BC /* rvc29_p5 */ = {
			isa = PBXGroup;
			children = (
				5005B54A2369142F0015B0BC /* AppDelegate.swift */,
				505CB850236F8E980076F83D /* Filter.swift */,
				505CB84E236F893C0076F83D /* FilterCollectionViewCell.swift */,
				5005B5602369152D0015B0BC /* RestaurantCollectionViewCell.swift */,
				5005B55E236914E40015B0BC /* Restaurant.swift */,
				5005B54E2369142F0015B0BC /* ViewController.swift */,
				5005B553236914300015B0BC /* Assets.xcassets */,
				5005B555236914300015B0BC /* LaunchScreen.storyboard */,
				5005B558236914300015B0BC /* Info.plist */,
			);
			path = rvc29_p5;
			sourceTree = "<group>";
		};
/* End PBXGroup section */

/* Begin PBXNativeTarget section */
		5005B5462369142F0015B0BC /* rvc29_p5 */ = {
			isa = PBXNativeTarget;
			buildConfigurationList = 5005B55B236914300015B0BC /* Build configuration list for PBXNativeTarget "rvc29_p5" */;
			buildPhases = (
				5005B5432369142F0015B0BC /* Sources */,
				5005B5442369142F0015B0BC /* Frameworks */,
				5005B5452369142F0015B0BC /* Resources */,
			);
			buildRules = (
			);
			dependencies = (
			);
			name = rvc29_p5;
			productName = rvc29_p5;
			productReference = 5005B5472369142F0015B0BC /* rvc29_p5.app */;
			productType = "com.apple.product-type.application";
		};
/* End PBXNativeTarget section */

/* Begin PBXProject section */
		5005B53F2369142F0015B0BC /* Project object */ = {
			isa = PBXProject;
			attributes = {
				LastSwiftUpdateCheck = 1110;
				LastUpgradeCheck = 1110;
				ORGANIZATIONNAME = "Rafael Chaves";
				TargetAttributes = {
					5005B5462369142F0015B0BC = {
						CreatedOnToolsVersion = 11.1;
					};
				};
			};
			buildConfigurationList = 5005B5422369142F0015B0BC /* Build configuration list for PBXProject "rvc29_p5" */;
			compatibilityVersion = "Xcode 9.3";
			developmentRegion = en;
			hasScannedForEncodings = 0;
			knownRegions = (
				en,
				Base,
			);
			mainGroup = 5005B53E2369142F0015B0BC;
			productRefGroup = 5005B5482369142F0015B0BC /* Products */;
			projectDirPath = "";
			projectRoot = "";
			targets = (
				5005B5462369142F0015B0BC /* rvc29_p5 */,
			);
		};
/* End PBXProject section */

/* Begin PBXResourcesBuildPhase section */
		5005B5452369142F0015B0BC /* Resources */ = {
			isa = PBXResourcesBuildPhase;
			buildActionMask = 2147483647;
			files = (
				5005B557236914300015B0BC /* LaunchScreen.storyboard in Resources */,
				5005B554236914300015B0BC /* Assets.xcassets in Resources */,
			);
			runOnlyForDeploymentPostprocessing = 0;
		};
/* End PBXResourcesBuildPhase section */

/* Begin PBXSourcesBuildPhase section */
		5005B5432369142F0015B0BC /* Sources */ = {
			isa = PBXSourcesBuildPhase;
			buildActionMask = 2147483647;
			files = (
				505CB84F236F893C0076F83D /* FilterCollectionViewCell.swift in Sources */,
				505CB851236F8E980076F83D /* Filter.swift in Sources */,
				5005B54F2369142F0015B0BC /* ViewController.swift in Sources */,
				5005B5612369152D0015B0BC /* RestaurantCollectionViewCell.swift in Sources */,
				5005B54B2369142F0015B0BC /* AppDelegate.swift in Sources */,
				5005B55F236914E50015B0BC /* Restaurant.swift in Sources */,
			);
			runOnlyForDeploymentPostprocessing = 0;
		};
/* End PBXSourcesBuildPhase section */

/* Begin PBXVariantGroup section */
		5005B555236914300015B0BC /* LaunchScreen.storyboard */ = {
			isa = PBXVariantGroup;
			children = (
				5005B556236914300015B0BC /* Base */,
			);
			name = LaunchScreen.storyboard;
			sourceTree = "<group>";
		};
/* End PBXVariantGroup section */

/* Begin XCBuildConfiguration section */
		5005B559236914300015B0BC /* Debug */ = {
			isa = XCBuildConfiguration;
			buildSettings = {
				ALWAYS_SEARCH_USER_PATHS = NO;
				CLANG_ANALYZER_NONNULL = YES;
				CLANG_ANALYZER_NUMBER_OBJECT_CONVERSION = YES_AGGRESSIVE;
				CLANG_CXX_LANGUAGE_STANDARD = "gnu++14";
				CLANG_CXX_LIBRARY = "libc++";
				CLANG_ENABLE_MODULES = YES;
				CLANG_ENABLE_OBJC_ARC = YES;
				CLANG_ENABLE_OBJC_WEAK = YES;
				CLANG_WARN_BLOCK_CAPTURE_AUTORELEASING = YES;
				CLANG_WARN_BOOL_CONVERSION = YES;
				CLANG_WARN_COMMA = YES;
				CLANG_WARN_CONSTANT_CONVERSION = YES;
				CLANG_WARN_DEPRECATED_OBJC_IMPLEMENTATIONS = YES;
				CLANG_WARN_DIRECT_OBJC_ISA_USAGE = YES_ERROR;
				CLANG_WARN_DOCUMENTATION_COMMENTS = YES;
				CLANG_WARN_EMPTY_BODY = YES;
				CLANG_WARN_ENUM_CONVERSION = YES;
				CLANG_WARN_INFINITE_RECURSION = YES;
				CLANG_WARN_INT_CONVERSION = YES;
				CLANG_WARN_NON_LITERAL_NULL_CONVERSION = YES;
				CLANG_WARN_OBJC_IMPLICIT_RETAIN_SELF = YES;
				CLANG_WARN_OBJC_LITERAL_CONVERSION = YES;
				CLANG_WARN_OBJC_ROOT_CLASS = YES_ERROR;
				CLANG_WARN_RANGE_LOOP_ANALYSIS = YES;
				CLANG_WARN_STRICT_PROTOTYPES = YES;
				CLANG_WARN_SUSPICIOUS_MOVE = YES;
				CLANG_WARN_UNGUARDED_AVAILABILITY = YES_AGGRESSIVE;
				CLANG_WARN_UNREACHABLE_CODE = YES;
				CLANG_WARN__DUPLICATE_METHOD_MATCH = YES;
				COPY_PHASE_STRIP = NO;
				DEBUG_INFORMATION_FORMAT = dwarf;
				ENABLE_STRICT_OBJC_MSGSEND = YES;
				ENABLE_TESTABILITY = YES;
				GCC_C_LANGUAGE_STANDARD = gnu11;
				GCC_DYNAMIC_NO_PIC = NO;
				GCC_NO_COMMON_BLOCKS = YES;
				GCC_OPTIMIZATION_LEVEL = 0;
				GCC_PREPROCESSOR_DEFINITIONS = (
					"DEBUG=1",
					"$(inherited)",
				);
				GCC_WARN_64_TO_32_BIT_CONVERSION = YES;
				GCC_WARN_ABOUT_RETURN_TYPE = YES_ERROR;
				GCC_WARN_UNDECLARED_SELECTOR = YES;
				GCC_WARN_UNINITIALIZED_AUTOS = YES_AGGRESSIVE;
				GCC_WARN_UNUSED_FUNCTION = YES;
				GCC_WARN_UNUSED_VARIABLE = YES;
				IPHONEOS_DEPLOYMENT_TARGET = 13.1;
				MTL_ENABLE_DEBUG_INFO = INCLUDE_SOURCE;
				MTL_FAST_MATH = YES;
				ONLY_ACTIVE_ARCH = YES;
				SDKROOT = iphoneos;
				SWIFT_ACTIVE_COMPILATION_CONDITIONS = DEBUG;
				SWIFT_OPTIMIZATION_LEVEL = "-Onone";
			};
			name = Debug;
		};
		5005B55A236914300015B0BC /* Release */ = {
			isa = XCBuildConfiguration;
			buildSettings = {
				ALWAYS_SEARCH_USER_PATHS = NO;
				CLANG_ANALYZER_NONNULL = YES;
				CLANG_ANALYZER_NUMBER_OBJECT_CONVERSION = YES_AGGRESSIVE;
				CLANG_CXX_LANGUAGE_STANDARD = "gnu++14";
				CLANG_CXX_LIBRARY = "libc++";
				CLANG_ENABLE_MODULES = YES;
				CLANG_ENABLE_OBJC_ARC = YES;
				CLANG_ENABLE_OBJC_WEAK = YES;
				CLANG_WARN_BLOCK_CAPTURE_AUTORELEASING = YES;
				CLANG_WARN_BOOL_CONVERSION = YES;
				CLANG_WARN_COMMA = YES;
				CLANG_WARN_CONSTANT_CONVERSION = YES;
				CLANG_WARN_DEPRECATED_OBJC_IMPLEMENTATIONS = YES;
				CLANG_WARN_DIRECT_OBJC_ISA_USAGE = YES_ERROR;
				CLANG_WARN_DOCUMENTATION_COMMENTS = YES;
				CLANG_WARN_EMPTY_BODY = YES;
				CLANG_WARN_ENUM_CONVERSION = YES;
				CLANG_WARN_INFINITE_RECURSION = YES;
				CLANG_WARN_INT_CONVERSION = YES;
				CLANG_WARN_NON_LITERAL_NULL_CONVERSION = YES;
				CLANG_WARN_OBJC_IMPLICIT_RETAIN_SELF = YES;
				CLANG_WARN_OBJC_LITERAL_CONVERSION = YES;
				CLANG_WARN_OBJC_ROOT_CLASS = YES_ERROR;
				CLANG_WARN_RANGE_LOOP_ANALYSIS = YES;
				CLANG_WARN_STRICT_PROTOTYPES = YES;
				CLANG_WARN_SUSPICIOUS_MOVE = YES;
				CLANG_WARN_UNGUARDED_AVAILABILITY = YES_AGGRESSIVE;
				CLANG_WARN_UNREACHABLE_CODE = YES;
				CLANG_WARN__DUPLICATE_METHOD_MATCH = YES;
				COPY_PHASE_STRIP = NO;
				DEBUG_INFORMATION_FORMAT = "dwarf-with-dsym";
				ENABLE_NS_ASSERTIONS = NO;
				ENABLE_STRICT_OBJC_MSGSEND = YES;
				GCC_C_LANGUAGE_STANDARD = gnu11;
				GCC_NO_COMMON_BLOCKS = YES;
				GCC_WARN_64_TO_32_BIT_CONVERSION = YES;
				GCC_WARN_ABOUT_RETURN_TYPE = YES_ERROR;
				GCC_WARN_UNDECLARED_SELECTOR = YES;
				GCC_WARN_UNINITIALIZED_AUTOS = YES_AGGRESSIVE;
				GCC_WARN_UNUSED_FUNCTION = YES;
				GCC_WARN_UNUSED_VARIABLE = YES;
				IPHONEOS_DEPLOYMENT_TARGET = 13.1;
				MTL_ENABLE_DEBUG_INFO = NO;
				MTL_FAST_MATH = YES;
				SDKROOT = iphoneos;
				SWIFT_COMPILATION_MODE = wholemodule;
				SWIFT_OPTIMIZATION_LEVEL = "-O";
				VALIDATE_PRODUCT = YES;
			};
			name = Release;
		};
		5005B55C236914300015B0BC /* Debug */ = {
			isa = XCBuildConfiguration;
			buildSettings = {
				ASSETCATALOG_COMPILER_APPICON_NAME = AppIcon;
				CODE_SIGN_STYLE = Automatic;
				INFOPLIST_FILE = rvc29_p5/Info.plist;
				LD_RUNPATH_SEARCH_PATHS = (
					"$(inherited)",
					"@executable_path/Frameworks",
				);
				PRODUCT_BUNDLE_IDENTIFIER = "Rafael.rvc29-p5";
				PRODUCT_NAME = "$(TARGET_NAME)";
				SWIFT_VERSION = 5.0;
				TARGETED_DEVICE_FAMILY = "1,2";
			};
			name = Debug;
		};
		5005B55D236914300015B0BC /* Release */ = {
			isa = XCBuildConfiguration;
			buildSettings = {
				ASSETCATALOG_COMPILER_APPICON_NAME = AppIcon;
				CODE_SIGN_STYLE = Automatic;
				INFOPLIST_FILE = rvc29_p5/Info.plist;
				LD_RUNPATH_SEARCH_PATHS = (
					"$(inherited)",
					"@executable_path/Frameworks",
				);
				PRODUCT_BUNDLE_IDENTIFIER = "Rafael.rvc29-p5";
				PRODUCT_NAME = "$(TARGET_NAME)";
				SWIFT_VERSION = 5.0;
				TARGETED_DEVICE_FAMILY = "1,2";
			};
			name = Release;
		};
/* End XCBuildConfiguration section */

/* Begin XCConfigurationList section */
		5005B5422369142F0015B0BC /* Build configuration list for PBXProject "rvc29_p5" */ = {
			isa = XCConfigurationList;
			buildConfigurations = (
				5005B559236914300015B0BC /* Debug */,
				5005B55A236914300015B0BC /* Release */,
			);
			defaultConfigurationIsVisible = 0;
			defaultConfigurationName = Release;
		};
		5005B55B236914300015B0BC /* Build configuration list for PBXNativeTarget "rvc29_p5" */ = {
			isa = XCConfigurationList;
			buildConfigurations = (
				5005B55C236914300015B0BC /* Debug */,
				5005B55D236914300015B0BC /* Release */,
			);
			defaultConfigurationIsVisible = 0;
			defaultConfigurationName = Release;
		};
/* End XCConfigurationList section */
	};
	rootObject = 5005B53F2369142F0015B0BC /* Project object */;
}
